{
  "name": "@ichnos/vue",
  "version": "0.0.10",
  "lockfileVersion": 1,
  "requires": true,
  "dependencies": {
    "@ichnos/core": {
      "version": "0.0.10",
      "resolved": "https://registry.npmjs.org/@ichnos/core/-/core-0.0.10.tgz",
      "integrity": "sha512-rWvNzEtqmmo0nJzm7qdM+bpwJsl/w02jx1KtSytvjdv7UdQ0t4Z3HFPC9hhKJCY9oLM15RioTGmUamv7j/nVLw=="
    }
  }
}
